
Microsoft Visual Studio Solution File, Format Version 12.00
# Visual Studio Version 17
VisualStudioVersion = 17.7.34009.444
MinimumVisualStudioVersion = 10.0.40219.1
Project("{FAE04EC0-301F-11D3-BF4B-00C04F79EFBC}") = "BitcoinProject", "BitcoinProject\BitcoinProject.csproj", "{5EEA0AEB-F47C-4757-BF3C-E14898FD1C5C}"
EndProject
Project("{FAE04EC0-301F-11D3-BF4B-00C04F79EFBC}") = "BitcoinProjectConsole", "BitcoinProjectConsole\BitcoinProjectConsole.csproj", "{63DAFC45-B9EC-444B-BAD7-AB667C94A510}"
EndProject
Project("{FAE04EC0-301F-11D3-BF4B-00C04F79EFBC}") = "BitcoinProjectUpdate", "BitcoinProjectUpdate\BitcoinProjectUpdate.csproj", "{D88986B8-BB7E-49B0-8A7C-B78B3AE99741}"
EndProject
Global
	GlobalSection(SolutionConfigurationPlatforms) = preSolution
		Debug|Any CPU = Debug|Any CPU
		Release|Any CPU = Release|Any CPU
	EndGlobalSection
	GlobalSection(ProjectConfigurationPlatforms) = postSolution
		{5EEA0AEB-F47C-4757-BF3C-E14898FD1C5C}.Debug|Any CPU.ActiveCfg = Debug|Any CPU
		{5EEA0AEB-F47C-4757-BF3C-E14898FD1C5C}.Debug|Any CPU.Build.0 = Debug|Any CPU
		{5EEA0AEB-F47C-4757-BF3C-E14898FD1C5C}.Release|Any CPU.ActiveCfg = Release|Any CPU
		{5EEA0AEB-F47C-4757-BF3C-E14898FD1C5C}.Release|Any CPU.Build.0 = Release|Any CPU
		{63DAFC45-B9EC-444B-BAD7-AB667C94A510}.Debug|Any CPU.ActiveCfg = Debug|Any CPU
		{63DAFC45-B9EC-444B-BAD7-AB667C94A510}.Debug|Any CPU.Build.0 = Debug|Any CPU
		{63DAFC45-B9EC-444B-BAD7-AB667C94A510}.Release|Any CPU.ActiveCfg = Release|Any CPU
		{63DAFC45-B9EC-444B-BAD7-AB667C94A510}.Release|Any CPU.Build.0 = Release|Any CPU
		{D88986B8-BB7E-49B0-8A7C-B78B3AE99741}.Debug|Any CPU.ActiveCfg = Debug|Any CPU
		{D88986B8-BB7E-49B0-8A7C-B78B3AE99741}.Debug|Any CPU.Build.0 = Debug|Any CPU
		{D88986B8-BB7E-49B0-8A7C-B78B3AE99741}.Release|Any CPU.ActiveCfg = Release|Any CPU
		{D88986B8-BB7E-49B0-8A7C-B78B3AE99741}.Release|Any CPU.Build.0 = Release|Any CPU
	EndGlobalSection
	GlobalSection(SolutionProperties) = preSolution
		HideSolutionNode = FALSE
	EndGlobalSection
	GlobalSection(ExtensibilityGlobals) = postSolution
		SolutionGuid = {F61EEB44-1EB4-4FAA-944C-B45C1030C96F}
	EndGlobalSection
EndGlobal
